
Microsoft Visual Studio Solution File, Format Version 12.00
# Visual Studio 15
VisualStudioVersion = 15.0.28307.852
MinimumVisualStudioVersion = 10.0.40219.1
Project("{FAE04EC0-301F-11D3-BF4B-00C04F79EFBC}") = "Unic.Flex.Model", "src\Unic.Flex.Model\Unic.Flex.Model.csproj", "{C47272B9-C13F-4F53-B9F3-D3066BB45810}"
EndProject
Project("{FAE04EC0-301F-11D3-BF4B-00C04F79EFBC}") = "Unic.Flex.Website", "src\Unic.Flex.Website\Unic.Flex.Website.csproj", "{577B0929-DF4E-437A-8601-DEF9D3974332}"
EndProject
Project("{FAE04EC0-301F-11D3-BF4B-00C04F79EFBC}") = "Unic.Flex.Core", "src\Unic.Flex.Core\Unic.Flex.Core.csproj", "{18B25AE3-F6AA-4A59-A49B-051CEB4487D8}"
EndProject
Project("{2150E333-8FDC-42A3-9474-1A3956D46DE8}") = "Tests", "Tests", "{7F01601C-CD63-42C7-8B65-A14851B19DFD}"
	ProjectSection(SolutionItems) = preProject
		tests\DefaultSettings.runsettings = tests\DefaultSettings.runsettings
	EndProjectSection
EndProject
Project("{FAE04EC0-301F-11D3-BF4B-00C04F79EFBC}") = "Unic.Flex.Tests", "tests\Unic.Flex.Tests\Unic.Flex.Tests.csproj", "{AE341D4C-2CA6-4194-B476-7284FA3EF429}"
EndProject
Project("{FAE04EC0-301F-11D3-BF4B-00C04F79EFBC}") = "Unic.Flex.Core.Tests", "tests\Unic.Flex.Core.Tests\Unic.Flex.Core.Tests.csproj", "{55A9B413-3DFD-432E-83F0-9A4B07E0BC64}"
EndProject
Project("{FAE04EC0-301F-11D3-BF4B-00C04F79EFBC}") = "Unic.Flex.Implementation", "src\Unic.Flex.Implementation\Unic.Flex.Implementation.csproj", "{5A1F1575-4FEF-4801-9C6C-A96CF0860885}"
EndProject
Project("{FAE04EC0-301F-11D3-BF4B-00C04F79EFBC}") = "Unic.Flex.Integration.Website", "src\Unic.Flex.Integration.Website\Unic.Flex.Integration.Website.csproj", "{CE4A4367-43F3-4A10-8F1B-FCCABC342213}"
EndProject
Project("{2150E333-8FDC-42A3-9474-1A3956D46DE8}") = "Integration", "Integration", "{04994618-3529-484D-952F-5BF2AD1CD0B9}"
EndProject
Project("{2150E333-8FDC-42A3-9474-1A3956D46DE8}") = "Configuration", "Configuration", "{2481A1E0-4C9C-408F-B45B-22256E370CC9}"
	ProjectSection(SolutionItems) = preProject
		Bob.config = Bob.config
		commands.json = commands.json
	EndProjectSection
EndProject
Project("{FAE04EC0-301F-11D3-BF4B-00C04F79EFBC}") = "Unic.Flex.SimpleInjectorIoC", "src\Unic.Flex.SimpleInjectorIoC\Unic.Flex.SimpleInjectorIoC.csproj", "{62B17FE2-41C9-4F66-87CA-BE817BBBD982}"
EndProject
Project("{FAE04EC0-301F-11D3-BF4B-00C04F79EFBC}") = "Unic.Flex.NinjectIoC", "src\Unic.Flex.NinjectIoC\Unic.Flex.NinjectIoC.csproj", "{9A2CF6BA-C009-4893-9179-8615B99DF1F7}"
EndProject
Project("{FAE04EC0-301F-11D3-BF4B-00C04F79EFBC}") = "Unic.Flex.Implementation.Tests", "tests\Unic.Flex.Implementation.Tests\Unic.Flex.Implementation.Tests.csproj", "{DBD63210-C530-401A-8A25-2B808E22A4FD}"
EndProject
Global
	GlobalSection(SolutionConfigurationPlatforms) = preSolution
		Debug|Any CPU = Debug|Any CPU
		Release|Any CPU = Release|Any CPU
	EndGlobalSection
	GlobalSection(ProjectConfigurationPlatforms) = postSolution
		{C47272B9-C13F-4F53-B9F3-D3066BB45810}.Debug|Any CPU.ActiveCfg = Debug|Any CPU
		{C47272B9-C13F-4F53-B9F3-D3066BB45810}.Debug|Any CPU.Build.0 = Debug|Any CPU
		{C47272B9-C13F-4F53-B9F3-D3066BB45810}.Release|Any CPU.ActiveCfg = Release|Any CPU
		{C47272B9-C13F-4F53-B9F3-D3066BB45810}.Release|Any CPU.Build.0 = Release|Any CPU
		{577B0929-DF4E-437A-8601-DEF9D3974332}.Debug|Any CPU.ActiveCfg = Debug|Any CPU
		{577B0929-DF4E-437A-8601-DEF9D3974332}.Debug|Any CPU.Build.0 = Debug|Any CPU
		{577B0929-DF4E-437A-8601-DEF9D3974332}.Release|Any CPU.ActiveCfg = Release|Any CPU
		{577B0929-DF4E-437A-8601-DEF9D3974332}.Release|Any CPU.Build.0 = Release|Any CPU
		{18B25AE3-F6AA-4A59-A49B-051CEB4487D8}.Debug|Any CPU.ActiveCfg = Debug|Any CPU
		{18B25AE3-F6AA-4A59-A49B-051CEB4487D8}.Debug|Any CPU.Build.0 = Debug|Any CPU
		{18B25AE3-F6AA-4A59-A49B-051CEB4487D8}.Release|Any CPU.ActiveCfg = Release|Any CPU
		{18B25AE3-F6AA-4A59-A49B-051CEB4487D8}.Release|Any CPU.Build.0 = Release|Any CPU
		{AE341D4C-2CA6-4194-B476-7284FA3EF429}.Debug|Any CPU.ActiveCfg = Debug|Any CPU
		{AE341D4C-2CA6-4194-B476-7284FA3EF429}.Debug|Any CPU.Build.0 = Debug|Any CPU
		{AE341D4C-2CA6-4194-B476-7284FA3EF429}.Release|Any CPU.ActiveCfg = Release|Any CPU
		{AE341D4C-2CA6-4194-B476-7284FA3EF429}.Release|Any CPU.Build.0 = Release|Any CPU
		{55A9B413-3DFD-432E-83F0-9A4B07E0BC64}.Debug|Any CPU.ActiveCfg = Debug|Any CPU
		{55A9B413-3DFD-432E-83F0-9A4B07E0BC64}.Debug|Any CPU.Build.0 = Debug|Any CPU
		{55A9B413-3DFD-432E-83F0-9A4B07E0BC64}.Release|Any CPU.ActiveCfg = Release|Any CPU
		{55A9B413-3DFD-432E-83F0-9A4B07E0BC64}.Release|Any CPU.Build.0 = Release|Any CPU
		{5A1F1575-4FEF-4801-9C6C-A96CF0860885}.Debug|Any CPU.ActiveCfg = Debug|Any CPU
		{5A1F1575-4FEF-4801-9C6C-A96CF0860885}.Debug|Any CPU.Build.0 = Debug|Any CPU
		{5A1F1575-4FEF-4801-9C6C-A96CF0860885}.Release|Any CPU.ActiveCfg = Release|Any CPU
		{5A1F1575-4FEF-4801-9C6C-A96CF0860885}.Release|Any CPU.Build.0 = Release|Any CPU
		{CE4A4367-43F3-4A10-8F1B-FCCABC342213}.Debug|Any CPU.ActiveCfg = Debug|Any CPU
		{CE4A4367-43F3-4A10-8F1B-FCCABC342213}.Debug|Any CPU.Build.0 = Debug|Any CPU
		{CE4A4367-43F3-4A10-8F1B-FCCABC342213}.Release|Any CPU.ActiveCfg = Release|Any CPU
		{CE4A4367-43F3-4A10-8F1B-FCCABC342213}.Release|Any CPU.Build.0 = Release|Any CPU
		{62B17FE2-41C9-4F66-87CA-BE817BBBD982}.Debug|Any CPU.ActiveCfg = Debug|Any CPU
		{62B17FE2-41C9-4F66-87CA-BE817BBBD982}.Debug|Any CPU.Build.0 = Debug|Any CPU
		{62B17FE2-41C9-4F66-87CA-BE817BBBD982}.Release|Any CPU.ActiveCfg = Release|Any CPU
		{62B17FE2-41C9-4F66-87CA-BE817BBBD982}.Release|Any CPU.Build.0 = Release|Any CPU
		{9A2CF6BA-C009-4893-9179-8615B99DF1F7}.Debug|Any CPU.ActiveCfg = Debug|Any CPU
		{9A2CF6BA-C009-4893-9179-8615B99DF1F7}.Debug|Any CPU.Build.0 = Debug|Any CPU
		{9A2CF6BA-C009-4893-9179-8615B99DF1F7}.Release|Any CPU.ActiveCfg = Release|Any CPU
		{9A2CF6BA-C009-4893-9179-8615B99DF1F7}.Release|Any CPU.Build.0 = Release|Any CPU
		{DBD63210-C530-401A-8A25-2B808E22A4FD}.Debug|Any CPU.ActiveCfg = Debug|Any CPU
		{DBD63210-C530-401A-8A25-2B808E22A4FD}.Debug|Any CPU.Build.0 = Debug|Any CPU
		{DBD63210-C530-401A-8A25-2B808E22A4FD}.Release|Any CPU.ActiveCfg = Release|Any CPU
		{DBD63210-C530-401A-8A25-2B808E22A4FD}.Release|Any CPU.Build.0 = Release|Any CPU
	EndGlobalSection
	GlobalSection(SolutionProperties) = preSolution
		HideSolutionNode = FALSE
	EndGlobalSection
	GlobalSection(NestedProjects) = preSolution
		{AE341D4C-2CA6-4194-B476-7284FA3EF429} = {7F01601C-CD63-42C7-8B65-A14851B19DFD}
		{55A9B413-3DFD-432E-83F0-9A4B07E0BC64} = {7F01601C-CD63-42C7-8B65-A14851B19DFD}
		{CE4A4367-43F3-4A10-8F1B-FCCABC342213} = {04994618-3529-484D-952F-5BF2AD1CD0B9}
		{DBD63210-C530-401A-8A25-2B808E22A4FD} = {7F01601C-CD63-42C7-8B65-A14851B19DFD}
	EndGlobalSection
	GlobalSection(ExtensibilityGlobals) = postSolution
		SolutionGuid = {7F1013F9-24D5-4B2F-B7D6-94888C8BE45C}
	EndGlobalSection
EndGlobal
